// !$*UTF8*$!
{
	archiveVersion = 1;
	classes = {
	};
	objectVersion = 77;
	objects = {

/* Begin PBXBuildFile section */
		65283F0E2F4F4D45006BE09E /* SchedyWidget.swift in Sources */ = {isa = PBXBuildFile; fileRef = 65283F0A2F4F4D45006BE09E /* SchedyWidget.swift */; };
		65283F0F2F4F4D45006BE09E /* WidgetDataKeys.swift in Sources */ = {isa = PBXBuildFile; fileRef = 65283F0B2F4F4D45006BE09E /* WidgetDataKeys.swift */; };
		65283F1C2F4F4D45006BE09E /* WidgetKit.framework in Frameworks */ = {isa = PBXBuildFile; fileRef = 65283F1B2F4F4D45006BE09E /* WidgetKit.framework */; };
		65B690652F50106D001C550A /* SchedyWidgetExtension.appex in Embed Foundation Extensions */ = {isa = PBXBuildFile; fileRef = 65283F0C2F4F4D45006BE09E /* SchedyWidgetExtension.appex */; settings = {ATTRIBUTES = (RemoveHeadersOnCopy, ); }; };
		65B6906B2F501200001C550A /* SchedyWidgetIntent.swift in Sources */ = {isa = PBXBuildFile; fileRef = 65B6906C2F501200001C550A /* SchedyWidgetIntent.swift */; };
		65B6906D2F501200001C550A /* AppIntents.framework in Frameworks */ = {isa = PBXBuildFile; fileRef = 65B6906E2F501200001C550A /* AppIntents.framework */; };
/* End PBXBuildFile section */

/* Begin PBXContainerItemProxy section */
		65B690662F50106D001C550A /* PBXContainerItemProxy */ = {
			isa = PBXContainerItemProxy;
			containerPortal = 65283EE32F4F4D44006BE09E /* Project object */;
			proxyType = 1;
			remoteGlobalIDString = 65283F142F4F4D45006BE09E;
			remoteInfo = SchedyWidgetExtension;
		};
		65B690692F501074001C550A /* PBXContainerItemProxy */ = {
			isa = PBXContainerItemProxy;
			containerPortal = 65283EE32F4F4D44006BE09E /* Project object */;
			proxyType = 1;
			remoteGlobalIDString = 65283F142F4F4D45006BE09E;
			remoteInfo = SchedyWidgetExtension;
		};
/* End PBXContainerItemProxy section */

/* Begin PBXCopyFilesBuildPhase section */
		65B690682F50106D001C550A /* Embed Foundation Extensions */ = {
			isa = PBXCopyFilesBuildPhase;
			buildActionMask = 2147483647;
			dstPath = "";
			dstSubfolderSpec = 13;
			files = (
				65B690652F50106D001C550A /* SchedyWidgetExtension.appex in Embed Foundation Extensions */,
			);
			name = "Embed Foundation Extensions";
			runOnlyForDeploymentPostprocessing = 0;
		};
/* End PBXCopyFilesBuildPhase section */

/* Begin PBXFileReference section */
		65283F0A2F4F4D45006BE09E /* SchedyWidget.swift */ = {isa = PBXFileReference; lastKnownFileType = sourcecode.swift; path = SchedyWidget.swift; sourceTree = "<group>"; };
		65283F0B2F4F4D45006BE09E /* WidgetDataKeys.swift */ = {isa = PBXFileReference; lastKnownFileType = sourcecode.swift; path = WidgetDataKeys.swift; sourceTree = "<group>"; };
		65283F0C2F4F4D45006BE09E /* SchedyWidgetExtension.appex */ = {isa = PBXFileReference; explicitFileType = "wrapper.app-extension"; includeInIndex = 0; path = SchedyWidgetExtension.appex; sourceTree = BUILT_PRODUCTS_DIR; };
		65283F1B2F4F4D45006BE09E /* WidgetKit.framework */ = {isa = PBXFileReference; lastKnownFileType = wrapper.framework; name = WidgetKit.framework; path = System/Library/Frameworks/WidgetKit.framework; sourceTree = SDKROOT; };
		65283F1D2F4F4D45006BE09E /* Info.plist */ = {isa = PBXFileReference; lastKnownFileType = text.plist.xml; path = Info.plist; sourceTree = "<group>"; };
		65B690382F50104A001C550A /* Schedy.app */ = {isa = PBXFileReference; explicitFileType = wrapper.application; includeInIndex = 0; path = Schedy.app; sourceTree = BUILT_PRODUCTS_DIR; };
		65B6906C2F501200001C550A /* SchedyWidgetIntent.swift */ = {isa = PBXFileReference; lastKnownFileType = sourcecode.swift; path = SchedyWidgetIntent.swift; sourceTree = "<group>"; };
		65B6906E2F501200001C550A /* AppIntents.framework */ = {isa = PBXFileReference; lastKnownFileType = wrapper.framework; name = AppIntents.framework; path = System/Library/Frameworks/AppIntents.framework; sourceTree = SDKROOT; };
/* End PBXFileReference section */

/* Begin PBXFileSystemSynchronizedBuildFileExceptionSet section */
		65662ED22F6C2C7E00891713 /* Exceptions for "Schedy" folder in "Schedy" target */ = {
			isa = PBXFileSystemSynchronizedBuildFileExceptionSet;
			membershipExceptions = (
				Info.plist,
			);
			target = 65B690372F50104A001C550A /* Schedy */;
		};
/* End PBXFileSystemSynchronizedBuildFileExceptionSet section */

/* Begin PBXFileSystemSynchronizedRootGroup section */
		65283EED2F4F4D44006BE09E /* Schedy */ = {
			isa = PBXFileSystemSynchronizedRootGroup;
			exceptions = (
				65662ED22F6C2C7E00891713 /* Exceptions for "Schedy" folder in "Schedy" target */,
			);
			path = Schedy;
			sourceTree = "<group>";
		};
/* End PBXFileSystemSynchronizedRootGroup section */

/* Begin PBXFrameworksBuildPhase section */
		65283F122F4F4D45006BE09E /* Frameworks */ = {
			isa = PBXFrameworksBuildPhase;
			buildActionMask = 2147483647;
			files = (
				65283F1C2F4F4D45006BE09E /* WidgetKit.framework in Frameworks */,
				65B6906D2F501200001C550A /* AppIntents.framework in Frameworks */,
			);
			runOnlyForDeploymentPostprocessing = 0;
		};
		65B690352F50104A001C550A /* Frameworks */ = {
			isa = PBXFrameworksBuildPhase;
			buildActionMask = 2147483647;
			files = (
			);
			runOnlyForDeploymentPostprocessing = 0;
		};
/* End PBXFrameworksBuildPhase section */

/* Begin PBXGroup section */
		65283EE22F4F4D44006BE09E = {
			isa = PBXGroup;
			children = (
				65283EED2F4F4D44006BE09E /* Schedy */,
				65283F0D2F4F4D45006BE09E /* SchedyWidget */,
				65283EEC2F4F4D44006BE09E /* Products */,
				65B68F4B2F500DB7001C550A /* Recovered References */,
				65B690642F50106D001C550A /* Frameworks */,
			);
			sourceTree = "<group>";
		};
		65283EEC2F4F4D44006BE09E /* Products */ = {
			isa = PBXGroup;
			children = (
				65283F0C2F4F4D45006BE09E /* SchedyWidgetExtension.appex */,
				65B690382F50104A001C550A /* Schedy.app */,
			);
			name = Products;
			sourceTree = "<group>";
		};
		65283F0D2F4F4D45006BE09E /* SchedyWidget */ = {
			isa = PBXGroup;
			children = (
				65283F0A2F4F4D45006BE09E /* SchedyWidget.swift */,
				65283F0B2F4F4D45006BE09E /* WidgetDataKeys.swift */,
				65B6906C2F501200001C550A /* SchedyWidgetIntent.swift */,
				65283F1D2F4F4D45006BE09E /* Info.plist */,
			);
			path = SchedyWidget;
			sourceTree = "<group>";
		};
		65B68F4B2F500DB7001C550A /* Recovered References */ = {
			isa = PBXGroup;
			children = (
				65283F1B2F4F4D45006BE09E /* WidgetKit.framework */,
				65B6906E2F501200001C550A /* AppIntents.framework */,
			);
			name = "Recovered References";
			sourceTree = "<group>";
		};
		65B690642F50106D001C550A /* Frameworks */ = {
			isa = PBXGroup;
			children = (
			);
			name = Frameworks;
			sourceTree = "<group>";
		};
/* End PBXGroup section */

/* Begin PBXNativeTarget section */
		65283F142F4F4D45006BE09E /* SchedyWidgetExtension */ = {
			isa = PBXNativeTarget;
			buildConfigurationList = 65283F152F4F4D45006BE09E /* Build configuration list for PBXNativeTarget "SchedyWidgetExtension" */;
			buildPhases = (
				65283F112F4F4D45006BE09E /* Sources */,
				65283F122F4F4D45006BE09E /* Frameworks */,
				65283F132F4F4D45006BE09E /* Resources */,
			);
			buildRules = (
			);
			dependencies = (
			);
			name = SchedyWidgetExtension;
			productName = SchedyWidgetExtension;
			productReference = 65283F0C2F4F4D45006BE09E /* SchedyWidgetExtension.appex */;
			productType = "com.apple.product-type.app-extension";
		};
		65B690372F50104A001C550A /* Schedy */ = {
			isa = PBXNativeTarget;
			buildConfigurationList = 65B690402F50104B001C550A /* Build configuration list for PBXNativeTarget "Schedy" */;
			buildPhases = (
				65B690342F50104A001C550A /* Sources */,
				65B690352F50104A001C550A /* Frameworks */,
				65B690362F50104A001C550A /* Resources */,
				65B690682F50106D001C550A /* Embed Foundation Extensions */,
			);
			buildRules = (
			);
			dependencies = (
				65B690672F50106D001C550A /* PBXTargetDependency */,
				65B6906A2F501074001C550A /* PBXTargetDependency */,
			);
			fileSystemSynchronizedGroups = (
				65283EED2F4F4D44006BE09E /* Schedy */,
			);
			name = Schedy;
			packageProductDependencies = (
			);
			productName = Schedy;
			productReference = 65B690382F50104A001C550A /* Schedy.app */;
			productType = "com.apple.product-type.application";
		};
/* End PBXNativeTarget section */

/* Begin PBXProject section */
		65283EE32F4F4D44006BE09E /* Project object */ = {
			isa = PBXProject;
			attributes = {
				BuildIndependentTargetsInParallel = 1;
				LastSwiftUpdateCheck = 2620;
				LastUpgradeCheck = 2630;
				TargetAttributes = {
					65283F142F4F4D45006BE09E = {
						CreatedOnToolsVersion = 26.2;
					};
					65B690372F50104A001C550A = {
						CreatedOnToolsVersion = 26.2;
					};
				};
			};
			buildConfigurationList = 65283EE62F4F4D44006BE09E /* Build configuration list for PBXProject "Schedy" */;
			developmentRegion = en;
			hasScannedForEncodings = 0;
			knownRegions = (
				en,
				Base,
			);
			mainGroup = 65283EE22F4F4D44006BE09E;
			minimizedProjectReferenceProxies = 1;
			preferredProjectObjectVersion = 77;
			productRefGroup = 65283EEC2F4F4D44006BE09E /* Products */;
			projectDirPath = "";
			projectRoot = "";
			targets = (
				65283F142F4F4D45006BE09E /* SchedyWidgetExtension */,
				65B690372F50104A001C550A /* Schedy */,
			);
		};
/* End PBXProject section */

/* Begin PBXResourcesBuildPhase section */
		65283F132F4F4D45006BE09E /* Resources */ = {
			isa = PBXResourcesBuildPhase;
			buildActionMask = 2147483647;
			files = (
			);
			runOnlyForDeploymentPostprocessing = 0;
		};
		65B690362F50104A001C550A /* Resources */ = {
			isa = PBXResourcesBuildPhase;
			buildActionMask = 2147483647;
			files = (
			);
			runOnlyForDeploymentPostprocessing = 0;
		};
/* End PBXResourcesBuildPhase section */

/* Begin PBXSourcesBuildPhase section */
		65283F112F4F4D45006BE09E /* Sources */ = {
			isa = PBXSourcesBuildPhase;
			buildActionMask = 2147483647;
			files = (
				65283F0E2F4F4D45006BE09E /* SchedyWidget.swift in Sources */,
				65283F0F2F4F4D45006BE09E /* WidgetDataKeys.swift in Sources */,
				65B6906B2F501200001C550A /* SchedyWidgetIntent.swift in Sources */,
			);
			runOnlyForDeploymentPostprocessing = 0;
		};
		65B690342F50104A001C550A /* Sources */ = {
			isa = PBXSourcesBuildPhase;
			buildActionMask = 2147483647;
			files = (
			);
			runOnlyForDeploymentPostprocessing = 0;
		};
/* End PBXSourcesBuildPhase section */

/* Begin PBXTargetDependency section */
		65B690672F50106D001C550A /* PBXTargetDependency */ = {
			isa = PBXTargetDependency;
			target = 65283F142F4F4D45006BE09E /* SchedyWidgetExtension */;
			targetProxy = 65B690662F50106D001C550A /* PBXContainerItemProxy */;
		};
		65B6906A2F501074001C550A /* PBXTargetDependency */ = {
			isa = PBXTargetDependency;
			target = 65283F142F4F4D45006BE09E /* SchedyWidgetExtension */;
			targetProxy = 65B690692F501074001C550A /* PBXContainerItemProxy */;
		};
/* End PBXTargetDependency section */

/* Begin XCBuildConfiguration section */
		65283EF42F4F4D45006BE09E /* Debug */ = {
			isa = XCBuildConfiguration;
			buildSettings = {
				ALWAYS_SEARCH_USER_PATHS = NO;
				ASSETCATALOG_COMPILER_GENERATE_SWIFT_ASSET_SYMBOL_EXTENSIONS = YES;
				CLANG_ANALYZER_NONNULL = YES;
				CLANG_ANALYZER_NUMBER_OBJECT_CONVERSION = YES_AGGRESSIVE;
				CLANG_CXX_LANGUAGE_STANDARD = "gnu++20";
				CLANG_ENABLE_MODULES = YES;
				CLANG_ENABLE_OBJC_ARC = YES;
				CLANG_ENABLE_OBJC_WEAK = YES;
				CLANG_WARN_BLOCK_CAPTURE_AUTORELEASING = YES;
				CLANG_WARN_BOOL_CONVERSION = YES;
				CLANG_WARN_COMMA = YES;
				CLANG_WARN_CONSTANT_CONVERSION = YES;
				CLANG_WARN_DEPRECATED_OBJC_IMPLEMENTATIONS = YES;
				CLANG_WARN_DIRECT_OBJC_ISA_USAGE = YES_ERROR;
				CLANG_WARN_DOCUMENTATION_COMMENTS = YES;
				CLANG_WARN_EMPTY_BODY = YES;
				CLANG_WARN_ENUM_CONVERSION = YES;
				CLANG_WARN_INFINITE_RECURSION = YES;
				CLANG_WARN_INT_CONVERSION = YES;
				CLANG_WARN_NON_LITERAL_NULL_CONVERSION = YES;
				CLANG_WARN_OBJC_IMPLICIT_RETAIN_SELF = YES;
				CLANG_WARN_OBJC_LITERAL_CONVERSION = YES;
				CLANG_WARN_OBJC_ROOT_CLASS = YES_ERROR;
				CLANG_WARN_QUOTED_INCLUDE_IN_FRAMEWORK_HEADER = YES;
				CLANG_WARN_RANGE_LOOP_ANALYSIS = YES;
				CLANG_WARN_STRICT_PROTOTYPES = YES;
				CLANG_WARN_SUSPICIOUS_MOVE = YES;
				CLANG_WARN_UNGUARDED_AVAILABILITY = YES_AGGRESSIVE;
				CLANG_WARN_UNREACHABLE_CODE = YES;
				CLANG_WARN__DUPLICATE_METHOD_MATCH = YES;
				COPY_PHASE_STRIP = NO;
				DEBUG_INFORMATION_FORMAT = dwarf;
				DEVELOPMENT_TEAM = 65S2BJ2U84;
				ENABLE_STRICT_OBJC_MSGSEND = YES;
				ENABLE_TESTABILITY = YES;
				ENABLE_USER_SCRIPT_SANDBOXING = YES;
				GCC_C_LANGUAGE_STANDARD = gnu17;
				GCC_DYNAMIC_NO_PIC = NO;
				GCC_NO_COMMON_BLOCKS = YES;
				GCC_OPTIMIZATION_LEVEL = 0;
				GCC_PREPROCESSOR_DEFINITIONS = (
					"DEBUG=1",
					"$(inherited)",
				);
				GCC_WARN_64_TO_32_BIT_CONVERSION = YES;
				GCC_WARN_ABOUT_RETURN_TYPE = YES_ERROR;
				GCC_WARN_UNDECLARED_SELECTOR = YES;
				GCC_WARN_UNINITIALIZED_AUTOS = YES_AGGRESSIVE;
				GCC_WARN_UNUSED_FUNCTION = YES;
				GCC_WARN_UNUSED_VARIABLE = YES;
				IPHONEOS_DEPLOYMENT_TARGET = 26.2;
				LOCALIZATION_PREFERS_STRING_CATALOGS = YES;
				MTL_ENABLE_DEBUG_INFO = INCLUDE_SOURCE;
				MTL_FAST_MATH = YES;
				ONLY_ACTIVE_ARCH = YES;
				SDKROOT = iphoneos;
				STRING_CATALOG_GENERATE_SYMBOLS = YES;
				SWIFT_ACTIVE_COMPILATION_CONDITIONS = "DEBUG $(inherited)";
				SWIFT_OPTIMIZATION_LEVEL = "-Onone";
			};
			name = Debug;
		};
		65283EF52F4F4D45006BE09E /* Release */ = {
			isa = XCBuildConfiguration;
			buildSettings = {
				ALWAYS_SEARCH_USER_PATHS = NO;
				ASSETCATALOG_COMPILER_GENERATE_SWIFT_ASSET_SYMBOL_EXTENSIONS = YES;
				CLANG_ANALYZER_NONNULL = YES;
				CLANG_ANALYZER_NUMBER_OBJECT_CONVERSION = YES_AGGRESSIVE;
				CLANG_CXX_LANGUAGE_STANDARD = "gnu++20";
				CLANG_ENABLE_MODULES = YES;
				CLANG_ENABLE_OBJC_ARC = YES;
				CLANG_ENABLE_OBJC_WEAK = YES;
				CLANG_WARN_BLOCK_CAPTURE_AUTORELEASING = YES;
				CLANG_WARN_BOOL_CONVERSION = YES;
				CLANG_WARN_COMMA = YES;
				CLANG_WARN_CONSTANT_CONVERSION = YES;
				CLANG_WARN_DEPRECATED_OBJC_IMPLEMENTATIONS = YES;
				CLANG_WARN_DIRECT_OBJC_ISA_USAGE = YES_ERROR;
				CLANG_WARN_DOCUMENTATION_COMMENTS = YES;
				CLANG_WARN_EMPTY_BODY = YES;
				CLANG_WARN_ENUM_CONVERSION = YES;
				CLANG_WARN_INFINITE_RECURSION = YES;
				CLANG_WARN_INT_CONVERSION = YES;
				CLANG_WARN_NON_LITERAL_NULL_CONVERSION = YES;
				CLANG_WARN_OBJC_IMPLICIT_RETAIN_SELF = YES;
				CLANG_WARN_OBJC_LITERAL_CONVERSION = YES;
				CLANG_WARN_OBJC_ROOT_CLASS = YES_ERROR;
				CLANG_WARN_QUOTED_INCLUDE_IN_FRAMEWORK_HEADER = YES;
				CLANG_WARN_RANGE_LOOP_ANALYSIS = YES;
				CLANG_WARN_STRICT_PROTOTYPES = YES;
				CLANG_WARN_SUSPICIOUS_MOVE = YES;
				CLANG_WARN_UNGUARDED_AVAILABILITY = YES_AGGRESSIVE;
				CLANG_WARN_UNREACHABLE_CODE = YES;
				CLANG_WARN__DUPLICATE_METHOD_MATCH = YES;
				COPY_PHASE_STRIP = NO;
				DEBUG_INFORMATION_FORMAT = "dwarf-with-dsym";
				DEVELOPMENT_TEAM = 65S2BJ2U84;
				ENABLE_NS_ASSERTIONS = NO;
				ENABLE_STRICT_OBJC_MSGSEND = YES;
				ENABLE_USER_SCRIPT_SANDBOXING = YES;
				GCC_C_LANGUAGE_STANDARD = gnu17;
				GCC_NO_COMMON_BLOCKS = YES;
				GCC_WARN_64_TO_32_BIT_CONVERSION = YES;
				GCC_WARN_ABOUT_RETURN_TYPE = YES_ERROR;
				GCC_WARN_UNDECLARED_SELECTOR = YES;
				GCC_WARN_UNINITIALIZED_AUTOS = YES_AGGRESSIVE;
				GCC_WARN_UNUSED_FUNCTION = YES;
				GCC_WARN_UNUSED_VARIABLE = YES;
				IPHONEOS_DEPLOYMENT_TARGET = 26.2;
				LOCALIZATION_PREFERS_STRING_CATALOGS = YES;
				MTL_ENABLE_DEBUG_INFO = NO;
				MTL_FAST_MATH = YES;
				SDKROOT = iphoneos;
				STRING_CATALOG_GENERATE_SYMBOLS = YES;
				SWIFT_COMPILATION_MODE = wholemodule;
				VALIDATE_PRODUCT = YES;
			};
			name = Release;
		};
		65283F162F4F4D45006BE09E /* Debug */ = {
			isa = XCBuildConfiguration;
			buildSettings = {
				CODE_SIGN_ENTITLEMENTS = SchedyWidget/SchedyWidgetExtension.entitlements;
				CODE_SIGN_STYLE = Automatic;
				CURRENT_PROJECT_VERSION = 1;
				GENERATE_INFOPLIST_FILE = NO;
				INFOPLIST_FILE = SchedyWidget/Info.plist;
				IPHONEOS_DEPLOYMENT_TARGET = 17.0;
				LD_RUNPATH_SEARCH_PATHS = (
					"$(inherited)",
					"@executable_path/Frameworks",
					"@executable_path/../../Frameworks",
				);
				MARKETING_VERSION = 1.0.0;
				PRODUCT_BUNDLE_IDENTIFIER = dev.e23.schedy.widget;
				PRODUCT_NAME = "$(TARGET_NAME)";
				SKIP_INSTALL = YES;
				SWIFT_EMIT_LOC_STRINGS = YES;
				SWIFT_VERSION = 5.0;
				TARGETED_DEVICE_FAMILY = "1,2";
			};
			name = Debug;
		};
		65283F172F4F4D45006BE09E /* Release */ = {
			isa = XCBuildConfiguration;
			buildSettings = {
				CODE_SIGN_ENTITLEMENTS = SchedyWidget/SchedyWidgetExtension.entitlements;
				CODE_SIGN_STYLE = Automatic;
				CURRENT_PROJECT_VERSION = 1;
				GENERATE_INFOPLIST_FILE = NO;
				INFOPLIST_FILE = SchedyWidget/Info.plist;
				IPHONEOS_DEPLOYMENT_TARGET = 17.0;
				LD_RUNPATH_SEARCH_PATHS = (
					"$(inherited)",
					"@executable_path/Frameworks",
					"@executable_path/../../Frameworks",
				);
				MARKETING_VERSION = 1.0.0;
				PRODUCT_BUNDLE_IDENTIFIER = dev.e23.schedy.widget;
				PRODUCT_NAME = "$(TARGET_NAME)";
				SKIP_INSTALL = YES;
				SWIFT_EMIT_LOC_STRINGS = YES;
				SWIFT_VERSION = 5.0;
				TARGETED_DEVICE_FAMILY = "1,2";
			};
			name = Release;
		};
		65B690412F50104B001C550A /* Debug */ = {
			isa = XCBuildConfiguration;
			buildSettings = {
				ASSETCATALOG_COMPILER_APPICON_NAME = AppIcon;
				ASSETCATALOG_COMPILER_GLOBAL_ACCENT_COLOR_NAME = AccentColor;
				CODE_SIGN_ENTITLEMENTS = "$(SRCROOT)/Schedy/Schedy.entitlements";
				CODE_SIGN_STYLE = Automatic;
				CURRENT_PROJECT_VERSION = 1;
				ENABLE_PREVIEWS = YES;
				GENERATE_INFOPLIST_FILE = YES;
				INFOPLIST_FILE = Schedy/Info.plist;
				INFOPLIST_KEY_CFBundleDisplayName = "Schedy 课程表";
				INFOPLIST_KEY_LSApplicationCategoryType = "public.app-category.utilities";
				INFOPLIST_KEY_UIApplicationSceneManifest_Generation = YES;
				INFOPLIST_KEY_UIApplicationSupportsIndirectInputEvents = YES;
				INFOPLIST_KEY_UILaunchScreen_Generation = YES;
				INFOPLIST_KEY_UISupportedInterfaceOrientations_iPad = "UIInterfaceOrientationPortrait UIInterfaceOrientationPortraitUpsideDown UIInterfaceOrientationLandscapeLeft UIInterfaceOrientationLandscapeRight";
				INFOPLIST_KEY_UISupportedInterfaceOrientations_iPhone = "UIInterfaceOrientationPortrait UIInterfaceOrientationLandscapeLeft UIInterfaceOrientationLandscapeRight";
				IPHONEOS_DEPLOYMENT_TARGET = 17.0;
				LD_RUNPATH_SEARCH_PATHS = (
					"$(inherited)",
					"@executable_path/Frameworks",
				);
				MARKETING_VERSION = 1.0.0;
				PRODUCT_BUNDLE_IDENTIFIER = dev.e23.schedy;
				PRODUCT_NAME = "$(TARGET_NAME)";
				STRING_CATALOG_GENERATE_SYMBOLS = YES;
				SWIFT_APPROACHABLE_CONCURRENCY = YES;
				SWIFT_DEFAULT_ACTOR_ISOLATION = MainActor;
				SWIFT_EMIT_LOC_STRINGS = YES;
				SWIFT_UPCOMING_FEATURE_MEMBER_IMPORT_VISIBILITY = YES;
				SWIFT_VERSION = 5.0;
				TARGETED_DEVICE_FAMILY = "1,2";
			};
			name = Debug;
		};
		65B690422F50104B001C550A /* Release */ = {
			isa = XCBuildConfiguration;
			buildSettings = {
				ASSETCATALOG_COMPILER_APPICON_NAME = AppIcon;
				ASSETCATALOG_COMPILER_GLOBAL_ACCENT_COLOR_NAME = AccentColor;
				CODE_SIGN_ENTITLEMENTS = "$(SRCROOT)/Schedy/Schedy.entitlements";
				CODE_SIGN_STYLE = Automatic;
				CURRENT_PROJECT_VERSION = 1;
				ENABLE_PREVIEWS = YES;
				GENERATE_INFOPLIST_FILE = YES;
				INFOPLIST_FILE = Schedy/Info.plist;
				INFOPLIST_KEY_CFBundleDisplayName = "Schedy 课程表";
				INFOPLIST_KEY_LSApplicationCategoryType = "public.app-category.utilities";
				INFOPLIST_KEY_UIApplicationSceneManifest_Generation = YES;
				INFOPLIST_KEY_UIApplicationSupportsIndirectInputEvents = YES;
				INFOPLIST_KEY_UILaunchScreen_Generation = YES;
				INFOPLIST_KEY_UISupportedInterfaceOrientations_iPad = "UIInterfaceOrientationPortrait UIInterfaceOrientationPortraitUpsideDown UIInterfaceOrientationLandscapeLeft UIInterfaceOrientationLandscapeRight";
				INFOPLIST_KEY_UISupportedInterfaceOrientations_iPhone = "UIInterfaceOrientationPortrait UIInterfaceOrientationLandscapeLeft UIInterfaceOrientationLandscapeRight";
				IPHONEOS_DEPLOYMENT_TARGET = 17.0;
				LD_RUNPATH_SEARCH_PATHS = (
					"$(inherited)",
					"@executable_path/Frameworks",
				);
				MARKETING_VERSION = 1.0.0;
				PRODUCT_BUNDLE_IDENTIFIER = dev.e23.schedy;
				PRODUCT_NAME = "$(TARGET_NAME)";
				STRING_CATALOG_GENERATE_SYMBOLS = YES;
				SWIFT_APPROACHABLE_CONCURRENCY = YES;
				SWIFT_DEFAULT_ACTOR_ISOLATION = MainActor;
				SWIFT_EMIT_LOC_STRINGS = YES;
				SWIFT_UPCOMING_FEATURE_MEMBER_IMPORT_VISIBILITY = YES;
				SWIFT_VERSION = 5.0;
				TARGETED_DEVICE_FAMILY = "1,2";
			};
			name = Release;
		};
/* End XCBuildConfiguration section */

/* Begin XCConfigurationList section */
		65283EE62F4F4D44006BE09E /* Build configuration list for PBXProject "Schedy" */ = {
			isa = XCConfigurationList;
			buildConfigurations = (
				65283EF42F4F4D45006BE09E /* Debug */,
				65283EF52F4F4D45006BE09E /* Release */,
			);
			defaultConfigurationIsVisible = 0;
			defaultConfigurationName = Release;
		};
		65283F152F4F4D45006BE09E /* Build configuration list for PBXNativeTarget "SchedyWidgetExtension" */ = {
			isa = XCConfigurationList;
			buildConfigurations = (
				65283F162F4F4D45006BE09E /* Debug */,
				65283F172F4F4D45006BE09E /* Release */,
			);
			defaultConfigurationIsVisible = 0;
			defaultConfigurationName = Release;
		};
		65B690402F50104B001C550A /* Build configuration list for PBXNativeTarget "Schedy" */ = {
			isa = XCConfigurationList;
			buildConfigurations = (
				65B690412F50104B001C550A /* Debug */,
				65B690422F50104B001C550A /* Release */,
			);
			defaultConfigurationIsVisible = 0;
			defaultConfigurationName = Release;
		};
/* End XCConfigurationList section */
	};
	rootObject = 65283EE32F4F4D44006BE09E /* Project object */;
}
